
Microsoft Visual Studio Solution File, Format Version 12.00
# Visual Studio Version 17
VisualStudioVersion = 17.0.31903.59
MinimumVisualStudioVersion = 10.0.40219.1
Project("{2150E333-8FDC-42A3-9474-1A3956D46DE8}") = "src", "src", "{827E0CD3-B72D-47B6-A68D-7590B98EB39B}"
EndProject
Project("{FAE04EC0-301F-11D3-BF4B-00C04F79EFBC}") = "Unskip.App", "src\Unskip.App\Unskip.App.csproj", "{9555941B-54C8-4636-9FDF-07F00FB4957A}"
EndProject
Project("{FAE04EC0-301F-11D3-BF4B-00C04F79EFBC}") = "Unskip.Core", "src\Unskip.Core\Unskip.Core.csproj", "{A71D7A06-8EAB-4376-8E50-8098D3156B6F}"
EndProject
Project("{2150E333-8FDC-42A3-9474-1A3956D46DE8}") = "tests", "tests", "{0AB3BF05-4346-4AA6-1389-037BE0695223}"
EndProject
Project("{FAE04EC0-301F-11D3-BF4B-00C04F79EFBC}") = "Unskip.Core.Tests", "tests\Unskip.Core.Tests\Unskip.Core.Tests.csproj", "{C2BD0576-3356-43D1-8E25-01C4973E1AFF}"
EndProject
Project("{FAE04EC0-301F-11D3-BF4B-00C04F79EFBC}") = "Unskip.App.Tests", "tests\Unskip.App.Tests\Unskip.App.Tests.csproj", "{B22DF225-04C5-4409-A1CD-22C153812CD2}"
EndProject
Project("{FAE04EC0-301F-11D3-BF4B-00C04F79EFBC}") = "Unskip.Infrastructure.Windows", "src\Unskip.Infrastructure.Windows\Unskip.Infrastructure.Windows.csproj", "{2F118DC4-01E6-4D59-A2E4-9517409AFF62}"
EndProject
Project("{FAE04EC0-301F-11D3-BF4B-00C04F79EFBC}") = "Unskip.Infrastructure.Windows.Tests", "tests\Unskip.Infrastructure.Windows.Tests\Unskip.Infrastructure.Windows.Tests.csproj", "{4455A887-4E28-444F-B0A2-2AE9390D0F44}"
EndProject
Project("{FAE04EC0-301F-11D3-BF4B-00C04F79EFBC}") = "Unskip.TestProcess", "tests\Unskip.TestProcess\Unskip.TestProcess.csproj", "{C6154AD2-366D-447F-BF6E-D8752A4FFF37}"
EndProject
Global
	GlobalSection(SolutionConfigurationPlatforms) = preSolution
		Debug|Any CPU = Debug|Any CPU
		Debug|x64 = Debug|x64
		Debug|x86 = Debug|x86
		Release|Any CPU = Release|Any CPU
		Release|x64 = Release|x64
		Release|x86 = Release|x86
	EndGlobalSection
	GlobalSection(ProjectConfigurationPlatforms) = postSolution
		{9555941B-54C8-4636-9FDF-07F00FB4957A}.Debug|Any CPU.ActiveCfg = Debug|Any CPU
		{9555941B-54C8-4636-9FDF-07F00FB4957A}.Debug|Any CPU.Build.0 = Debug|Any CPU
		{9555941B-54C8-4636-9FDF-07F00FB4957A}.Debug|x64.ActiveCfg = Debug|Any CPU
		{9555941B-54C8-4636-9FDF-07F00FB4957A}.Debug|x64.Build.0 = Debug|Any CPU
		{9555941B-54C8-4636-9FDF-07F00FB4957A}.Debug|x86.ActiveCfg = Debug|Any CPU
		{9555941B-54C8-4636-9FDF-07F00FB4957A}.Debug|x86.Build.0 = Debug|Any CPU
		{9555941B-54C8-4636-9FDF-07F00FB4957A}.Release|Any CPU.ActiveCfg = Release|Any CPU
		{9555941B-54C8-4636-9FDF-07F00FB4957A}.Release|Any CPU.Build.0 = Release|Any CPU
		{9555941B-54C8-4636-9FDF-07F00FB4957A}.Release|x64.ActiveCfg = Release|Any CPU
		{9555941B-54C8-4636-9FDF-07F00FB4957A}.Release|x64.Build.0 = Release|Any CPU
		{9555941B-54C8-4636-9FDF-07F00FB4957A}.Release|x86.ActiveCfg = Release|Any CPU
		{9555941B-54C8-4636-9FDF-07F00FB4957A}.Release|x86.Build.0 = Release|Any CPU
		{A71D7A06-8EAB-4376-8E50-8098D3156B6F}.Debug|Any CPU.ActiveCfg = Debug|Any CPU
		{A71D7A06-8EAB-4376-8E50-8098D3156B6F}.Debug|Any CPU.Build.0 = Debug|Any CPU
		{A71D7A06-8EAB-4376-8E50-8098D3156B6F}.Debug|x64.ActiveCfg = Debug|Any CPU
		{A71D7A06-8EAB-4376-8E50-8098D3156B6F}.Debug|x64.Build.0 = Debug|Any CPU
		{A71D7A06-8EAB-4376-8E50-8098D3156B6F}.Debug|x86.ActiveCfg = Debug|Any CPU
		{A71D7A06-8EAB-4376-8E50-8098D3156B6F}.Debug|x86.Build.0 = Debug|Any CPU
		{A71D7A06-8EAB-4376-8E50-8098D3156B6F}.Release|Any CPU.ActiveCfg = Release|Any CPU
		{A71D7A06-8EAB-4376-8E50-8098D3156B6F}.Release|Any CPU.Build.0 = Release|Any CPU
		{A71D7A06-8EAB-4376-8E50-8098D3156B6F}.Release|x64.ActiveCfg = Release|Any CPU
		{A71D7A06-8EAB-4376-8E50-8098D3156B6F}.Release|x64.Build.0 = Release|Any CPU
		{A71D7A06-8EAB-4376-8E50-8098D3156B6F}.Release|x86.ActiveCfg = Release|Any CPU
		{A71D7A06-8EAB-4376-8E50-8098D3156B6F}.Release|x86.Build.0 = Release|Any CPU
		{C2BD0576-3356-43D1-8E25-01C4973E1AFF}.Debug|Any CPU.ActiveCfg = Debug|Any CPU
		{C2BD0576-3356-43D1-8E25-01C4973E1AFF}.Debug|Any CPU.Build.0 = Debug|Any CPU
		{C2BD0576-3356-43D1-8E25-01C4973E1AFF}.Debug|x64.ActiveCfg = Debug|Any CPU
		{C2BD0576-3356-43D1-8E25-01C4973E1AFF}.Debug|x64.Build.0 = Debug|Any CPU
		{C2BD0576-3356-43D1-8E25-01C4973E1AFF}.Debug|x86.ActiveCfg = Debug|Any CPU
		{C2BD0576-3356-43D1-8E25-01C4973E1AFF}.Debug|x86.Build.0 = Debug|Any CPU
		{C2BD0576-3356-43D1-8E25-01C4973E1AFF}.Release|Any CPU.ActiveCfg = Release|Any CPU
		{C2BD0576-3356-43D1-8E25-01C4973E1AFF}.Release|Any CPU.Build.0 = Release|Any CPU
		{C2BD0576-3356-43D1-8E25-01C4973E1AFF}.Release|x64.ActiveCfg = Release|Any CPU
		{C2BD0576-3356-43D1-8E25-01C4973E1AFF}.Release|x64.Build.0 = Release|Any CPU
		{C2BD0576-3356-43D1-8E25-01C4973E1AFF}.Release|x86.ActiveCfg = Release|Any CPU
		{C2BD0576-3356-43D1-8E25-01C4973E1AFF}.Release|x86.Build.0 = Release|Any CPU
		{B22DF225-04C5-4409-A1CD-22C153812CD2}.Debug|Any CPU.ActiveCfg = Debug|Any CPU
		{B22DF225-04C5-4409-A1CD-22C153812CD2}.Debug|Any CPU.Build.0 = Debug|Any CPU
		{B22DF225-04C5-4409-A1CD-22C153812CD2}.Debug|x64.ActiveCfg = Debug|Any CPU
		{B22DF225-04C5-4409-A1CD-22C153812CD2}.Debug|x64.Build.0 = Debug|Any CPU
		{B22DF225-04C5-4409-A1CD-22C153812CD2}.Debug|x86.ActiveCfg = Debug|Any CPU
		{B22DF225-04C5-4409-A1CD-22C153812CD2}.Debug|x86.Build.0 = Debug|Any CPU
		{B22DF225-04C5-4409-A1CD-22C153812CD2}.Release|Any CPU.ActiveCfg = Release|Any CPU
		{B22DF225-04C5-4409-A1CD-22C153812CD2}.Release|Any CPU.Build.0 = Release|Any CPU
		{B22DF225-04C5-4409-A1CD-22C153812CD2}.Release|x64.ActiveCfg = Release|Any CPU
		{B22DF225-04C5-4409-A1CD-22C153812CD2}.Release|x64.Build.0 = Release|Any CPU
		{B22DF225-04C5-4409-A1CD-22C153812CD2}.Release|x86.ActiveCfg = Release|Any CPU
		{B22DF225-04C5-4409-A1CD-22C153812CD2}.Release|x86.Build.0 = Release|Any CPU
		{2F118DC4-01E6-4D59-A2E4-9517409AFF62}.Debug|Any CPU.ActiveCfg = Debug|Any CPU
		{2F118DC4-01E6-4D59-A2E4-9517409AFF62}.Debug|Any CPU.Build.0 = Debug|Any CPU
		{2F118DC4-01E6-4D59-A2E4-9517409AFF62}.Debug|x64.ActiveCfg = Debug|Any CPU
		{2F118DC4-01E6-4D59-A2E4-9517409AFF62}.Debug|x64.Build.0 = Debug|Any CPU
		{2F118DC4-01E6-4D59-A2E4-9517409AFF62}.Debug|x86.ActiveCfg = Debug|Any CPU
		{2F118DC4-01E6-4D59-A2E4-9517409AFF62}.Debug|x86.Build.0 = Debug|Any CPU
		{2F118DC4-01E6-4D59-A2E4-9517409AFF62}.Release|Any CPU.ActiveCfg = Release|Any CPU
		{2F118DC4-01E6-4D59-A2E4-9517409AFF62}.Release|Any CPU.Build.0 = Release|Any CPU
		{2F118DC4-01E6-4D59-A2E4-9517409AFF62}.Release|x64.ActiveCfg = Release|Any CPU
		{2F118DC4-01E6-4D59-A2E4-9517409AFF62}.Release|x64.Build.0 = Release|Any CPU
		{2F118DC4-01E6-4D59-A2E4-9517409AFF62}.Release|x86.ActiveCfg = Release|Any CPU
		{2F118DC4-01E6-4D59-A2E4-9517409AFF62}.Release|x86.Build.0 = Release|Any CPU
		{4455A887-4E28-444F-B0A2-2AE9390D0F44}.Debug|Any CPU.ActiveCfg = Debug|Any CPU
		{4455A887-4E28-444F-B0A2-2AE9390D0F44}.Debug|Any CPU.Build.0 = Debug|Any CPU
		{4455A887-4E28-444F-B0A2-2AE9390D0F44}.Debug|x64.ActiveCfg = Debug|Any CPU
		{4455A887-4E28-444F-B0A2-2AE9390D0F44}.Debug|x64.Build.0 = Debug|Any CPU
		{4455A887-4E28-444F-B0A2-2AE9390D0F44}.Debug|x86.ActiveCfg = Debug|Any CPU
		{4455A887-4E28-444F-B0A2-2AE9390D0F44}.Debug|x86.Build.0 = Debug|Any CPU
		{4455A887-4E28-444F-B0A2-2AE9390D0F44}.Release|Any CPU.ActiveCfg = Release|Any CPU
		{4455A887-4E28-444F-B0A2-2AE9390D0F44}.Release|Any CPU.Build.0 = Release|Any CPU
		{4455A887-4E28-444F-B0A2-2AE9390D0F44}.Release|x64.ActiveCfg = Release|Any CPU
		{4455A887-4E28-444F-B0A2-2AE9390D0F44}.Release|x64.Build.0 = Release|Any CPU
		{4455A887-4E28-444F-B0A2-2AE9390D0F44}.Release|x86.ActiveCfg = Release|Any CPU
		{4455A887-4E28-444F-B0A2-2AE9390D0F44}.Release|x86.Build.0 = Release|Any CPU
		{C6154AD2-366D-447F-BF6E-D8752A4FFF37}.Debug|Any CPU.ActiveCfg = Debug|Any CPU
		{C6154AD2-366D-447F-BF6E-D8752A4FFF37}.Debug|Any CPU.Build.0 = Debug|Any CPU
		{C6154AD2-366D-447F-BF6E-D8752A4FFF37}.Debug|x64.ActiveCfg = Debug|Any CPU
		{C6154AD2-366D-447F-BF6E-D8752A4FFF37}.Debug|x64.Build.0 = Debug|Any CPU
		{C6154AD2-366D-447F-BF6E-D8752A4FFF37}.Debug|x86.ActiveCfg = Debug|Any CPU
		{C6154AD2-366D-447F-BF6E-D8752A4FFF37}.Debug|x86.Build.0 = Debug|Any CPU
		{C6154AD2-366D-447F-BF6E-D8752A4FFF37}.Release|Any CPU.ActiveCfg = Release|Any CPU
		{C6154AD2-366D-447F-BF6E-D8752A4FFF37}.Release|Any CPU.Build.0 = Release|Any CPU
		{C6154AD2-366D-447F-BF6E-D8752A4FFF37}.Release|x64.ActiveCfg = Release|Any CPU
		{C6154AD2-366D-447F-BF6E-D8752A4FFF37}.Release|x64.Build.0 = Release|Any CPU
		{C6154AD2-366D-447F-BF6E-D8752A4FFF37}.Release|x86.ActiveCfg = Release|Any CPU
		{C6154AD2-366D-447F-BF6E-D8752A4FFF37}.Release|x86.Build.0 = Release|Any CPU
	EndGlobalSection
	GlobalSection(SolutionProperties) = preSolution
		HideSolutionNode = FALSE
	EndGlobalSection
	GlobalSection(NestedProjects) = preSolution
		{9555941B-54C8-4636-9FDF-07F00FB4957A} = {827E0CD3-B72D-47B6-A68D-7590B98EB39B}
		{A71D7A06-8EAB-4376-8E50-8098D3156B6F} = {827E0CD3-B72D-47B6-A68D-7590B98EB39B}
		{C2BD0576-3356-43D1-8E25-01C4973E1AFF} = {0AB3BF05-4346-4AA6-1389-037BE0695223}
		{B22DF225-04C5-4409-A1CD-22C153812CD2} = {0AB3BF05-4346-4AA6-1389-037BE0695223}
		{2F118DC4-01E6-4D59-A2E4-9517409AFF62} = {827E0CD3-B72D-47B6-A68D-7590B98EB39B}
		{4455A887-4E28-444F-B0A2-2AE9390D0F44} = {0AB3BF05-4346-4AA6-1389-037BE0695223}
		{C6154AD2-366D-447F-BF6E-D8752A4FFF37} = {0AB3BF05-4346-4AA6-1389-037BE0695223}
	EndGlobalSection
EndGlobal
